
Microsoft Visual Studio Solution File, Format Version 12.00
# Visual Studio Version 17
VisualStudioVersion = 17.1.32407.343
MinimumVisualStudioVersion = 10.0.40219.1
Project("{FAE04EC0-301F-11D3-BF4B-00C04F79EFBC}") = "Server", "Server\Server.csproj", "{C35E3FED-487B-47A8-A1E3-99637B2226CF}"
	ProjectSection(ProjectDependencies) = postProject
		{2476E5DE-CD97-4F48-A00D-65B0971558F3} = {2476E5DE-CD97-4F48-A00D-65B0971558F3}
	EndProjectSection
EndProject
Project("{FAE04EC0-301F-11D3-BF4B-00C04F79EFBC}") = "Network", "Network\Network.csproj", "{2476E5DE-CD97-4F48-A00D-65B0971558F3}"
EndProject
Project("{FAE04EC0-301F-11D3-BF4B-00C04F79EFBC}") = "Service", "Service\Service.csproj", "{AF13A394-1236-4F89-85E6-8F114B426C1B}"
	ProjectSection(ProjectDependencies) = postProject
		{2476E5DE-CD97-4F48-A00D-65B0971558F3} = {2476E5DE-CD97-4F48-A00D-65B0971558F3}
	EndProjectSection
EndProject
Project("{FAE04EC0-301F-11D3-BF4B-00C04F79EFBC}") = "Control_Sensos", "Control_SensorMPR51\Control_Sensos.csproj", "{22F7795E-4F59-4299-AFBB-D3B5423C86C2}"
	ProjectSection(ProjectDependencies) = postProject
		{2476E5DE-CD97-4F48-A00D-65B0971558F3} = {2476E5DE-CD97-4F48-A00D-65B0971558F3}
	EndProjectSection
EndProject
Project("{FAE04EC0-301F-11D3-BF4B-00C04F79EFBC}") = "Client", "Client\Client.csproj", "{C4811A21-B28D-4AA5-96CE-363DAFE98199}"
	ProjectSection(ProjectDependencies) = postProject
		{2476E5DE-CD97-4F48-A00D-65B0971558F3} = {2476E5DE-CD97-4F48-A00D-65B0971558F3}
	EndProjectSection
EndProject
Global
	GlobalSection(SolutionConfigurationPlatforms) = preSolution
		Debug|Any CPU = Debug|Any CPU
		Release|Any CPU = Release|Any CPU
	EndGlobalSection
	GlobalSection(ProjectConfigurationPlatforms) = postSolution
		{C35E3FED-487B-47A8-A1E3-99637B2226CF}.Debug|Any CPU.ActiveCfg = Debug|Any CPU
		{C35E3FED-487B-47A8-A1E3-99637B2226CF}.Debug|Any CPU.Build.0 = Debug|Any CPU
		{C35E3FED-487B-47A8-A1E3-99637B2226CF}.Release|Any CPU.ActiveCfg = Release|Any CPU
		{C35E3FED-487B-47A8-A1E3-99637B2226CF}.Release|Any CPU.Build.0 = Release|Any CPU
		{2476E5DE-CD97-4F48-A00D-65B0971558F3}.Debug|Any CPU.ActiveCfg = Debug|Any CPU
		{2476E5DE-CD97-4F48-A00D-65B0971558F3}.Debug|Any CPU.Build.0 = Debug|Any CPU
		{2476E5DE-CD97-4F48-A00D-65B0971558F3}.Release|Any CPU.ActiveCfg = Release|Any CPU
		{2476E5DE-CD97-4F48-A00D-65B0971558F3}.Release|Any CPU.Build.0 = Release|Any CPU
		{AF13A394-1236-4F89-85E6-8F114B426C1B}.Debug|Any CPU.ActiveCfg = Debug|Any CPU
		{AF13A394-1236-4F89-85E6-8F114B426C1B}.Debug|Any CPU.Build.0 = Debug|Any CPU
		{AF13A394-1236-4F89-85E6-8F114B426C1B}.Release|Any CPU.ActiveCfg = Release|Any CPU
		{AF13A394-1236-4F89-85E6-8F114B426C1B}.Release|Any CPU.Build.0 = Release|Any CPU
		{22F7795E-4F59-4299-AFBB-D3B5423C86C2}.Debug|Any CPU.ActiveCfg = Debug|Any CPU
		{22F7795E-4F59-4299-AFBB-D3B5423C86C2}.Debug|Any CPU.Build.0 = Debug|Any CPU
		{22F7795E-4F59-4299-AFBB-D3B5423C86C2}.Release|Any CPU.ActiveCfg = Release|Any CPU
		{22F7795E-4F59-4299-AFBB-D3B5423C86C2}.Release|Any CPU.Build.0 = Release|Any CPU
		{C4811A21-B28D-4AA5-96CE-363DAFE98199}.Debug|Any CPU.ActiveCfg = Debug|Any CPU
		{C4811A21-B28D-4AA5-96CE-363DAFE98199}.Debug|Any CPU.Build.0 = Debug|Any CPU
		{C4811A21-B28D-4AA5-96CE-363DAFE98199}.Release|Any CPU.ActiveCfg = Release|Any CPU
		{C4811A21-B28D-4AA5-96CE-363DAFE98199}.Release|Any CPU.Build.0 = Release|Any CPU
	EndGlobalSection
	GlobalSection(SolutionProperties) = preSolution
		HideSolutionNode = FALSE
	EndGlobalSection
	GlobalSection(ExtensibilityGlobals) = postSolution
		SolutionGuid = {7402AADD-78EF-4148-8A69-4EE7DAE6E846}
	EndGlobalSection
EndGlobal
